<?xml version="1.0" encoding="utf-8"?>
<Project ToolsVersion="4.0" xmlns="http://schemas.microsoft.com/developer/msbuild/2003">
  <ItemGroup>
    <Filter Include="源文件">
      <UniqueIdentifier>{4FC737F1-C7A5-4376-A066-2A32D752A2FF}</UniqueIdentifier>
      <Extensions>cpp;c;cc;cxx;c++;cppm;ixx;def;odl;idl;hpj;bat;asm;asmx</Extensions>
    </Filter>
    <Filter Include="头文件">
      <UniqueIdentifier>{93995380-89BD-4b04-88EB-625FBE52EBFB}</UniqueIdentifier>
      <Extensions>h;hh;hpp;hxx;h++;hm;inl;inc;ipp;xsd</Extensions>
    </Filter>
    <Filter Include="资源文件">
      <UniqueIdentifier>{67DA6AB6-F800-4c08-8B7A-83BB121AAD01}</UniqueIdentifier>
      <Extensions>rc;ico;cur;bmp;dlg;rc2;rct;bin;rgs;gif;jpg;jpeg;jpe;resx;tiff;tif;png;wav;mfcribbon-ms</Extensions>
    </Filter>
    <Filter Include="头文件\manager">
      <UniqueIdentifier>{75cbdfae-ef4d-4f9d-8898-7c018ef34994}</UniqueIdentifier>
    </Filter>
    <Filter Include="头文件\tool">
      <UniqueIdentifier>{4fae16db-43d1-4266-8e45-8d3bcf5db1cb}</UniqueIdentifier>
    </Filter>
    <Filter Include="头文件\collision">
      <UniqueIdentifier>{5a859b5e-59d6-4f9f-8aa7-ea9211cf8ca2}</UniqueIdentifier>
    </Filter>
    <Filter Include="头文件\scene">
      <UniqueIdentifier>{3dfb10b4-c318-4bc2-a2f8-c47c3902d640}</UniqueIdentifier>
    </Filter>
    <Filter Include="头文件\game_object">
      <UniqueIdentifier>{7456120b-1d0b-443f-a299-c04fc29641c5}</UniqueIdentifier>
    </Filter>
    <Filter Include="头文件\game_object\FSM">
      <UniqueIdentifier>{b8ce9773-f225-4382-9770-fca20b8dfaaa}</UniqueIdentifier>
    </Filter>
    <Filter Include="头文件\game_object\environment">
      <UniqueIdentifier>{2ce5ace2-199d-4560-8e72-bfbb0d939d2d}</UniqueIdentifier>
    </Filter>
    <Filter Include="头文件\game_object\environment\plat_form">
      <UniqueIdentifier>{e94090b5-cfaf-4191-bf96-ba6fe63cab74}</UniqueIdentifier>
    </Filter>
    <Filter Include="头文件\game_object\player">
      <UniqueIdentifier>{b970726d-0d4d-494b-a111-d7fe5a06dfb5}</UniqueIdentifier>
    </Filter>
  </ItemGroup>
  <ItemGroup>
    <ClInclude Include="从零开始的丝之歌\code\manager.h">
      <Filter>头文件\manager</Filter>
    </ClInclude>
    <ClInclude Include="从零开始的丝之歌\code\vector2.h">
      <Filter>头文件\tool</Filter>
    </ClInclude>
    <ClInclude Include="从零开始的丝之歌\code\timer.h">
      <Filter>头文件\tool</Filter>
    </ClInclude>
    <ClInclude Include="从零开始的丝之歌\code\util.h">
      <Filter>头文件\tool</Filter>
    </ClInclude>
    <ClInclude Include="从零开始的丝之歌\code\resource_manager.h">
      <Filter>头文件\manager</Filter>
    </ClInclude>
    <ClInclude Include="从零开始的丝之歌\code\game_manager.h">
      <Filter>头文件\manager</Filter>
    </ClInclude>
    <ClInclude Include="从零开始的丝之歌\code\animation.h">
      <Filter>头文件\tool</Filter>
    </ClInclude>
    <ClInclude Include="从零开始的丝之歌\code\player.h">
      <Filter>头文件\game_object</Filter>
    </ClInclude>
    <ClInclude Include="从零开始的丝之歌\code\camera.h">
      <Filter>头文件\tool</Filter>
    </ClInclude>
    <ClInclude Include="从零开始的丝之歌\code\hornet.h">
      <Filter>头文件\game_object</Filter>
    </ClInclude>
    <ClInclude Include="从零开始的丝之歌\code\collision_box.h">
      <Filter>头文件\collision</Filter>
    </ClInclude>
    <ClInclude Include="从零开始的丝之歌\code\hornet_state_machine.h">
      <Filter>头文件\game_object\FSM</Filter>
    </ClInclude>
    <ClInclude Include="从零开始的丝之歌\code\hornet_idle_state.h">
      <Filter>头文件\game_object\FSM</Filter>
    </ClInclude>
    <ClInclude Include="从零开始的丝之歌\code\hornet_walk_state.h">
      <Filter>头文件\game_object\FSM</Filter>
    </ClInclude>
    <ClInclude Include="从零开始的丝之歌\code\hornet_jump_state.h">
      <Filter>头文件\game_object\FSM</Filter>
    </ClInclude>
    <ClInclude Include="从零开始的丝之歌\code\hornet_fall_state.h">
      <Filter>头文件\game_object\FSM</Filter>
    </ClInclude>
    <ClInclude Include="从零开始的丝之歌\code\collision_manager.h">
      <Filter>头文件\manager</Filter>
    </ClInclude>
    <ClInclude Include="从零开始的丝之歌\code\scene_manager.h">
      <Filter>头文件\manager</Filter>
    </ClInclude>
    <ClInclude Include="从零开始的丝之歌\code\scene.h">
      <Filter>头文件\scene</Filter>
    </ClInclude>
    <ClInclude Include="从零开始的丝之歌\code\charactor.h">
      <Filter>头文件\game_object</Filter>
    </ClInclude>
    <ClInclude Include="从零开始的丝之歌\code\plat_form.h">
      <Filter>头文件\game_object\environment\plat_form</Filter>
    </ClInclude>
  </ItemGroup>
  <ItemGroup>
    <ClCompile Include="从零开始的丝之歌\code\main.cpp">
      <Filter>源文件</Filter>
    </ClCompile>
    <ClCompile Include="从零开始的丝之歌\code\resource_manager.cpp">
      <Filter>头文件\manager</Filter>
    </ClCompile>
    <ClCompile Include="从零开始的丝之歌\code\game_manager.cpp">
      <Filter>头文件\manager</Filter>
    </ClCompile>
    <ClCompile Include="从零开始的丝之歌\code\hornet.cpp">
      <Filter>头文件\game_object</Filter>
    </ClCompile>
    <ClCompile Include="从零开始的丝之歌\code\hornet_idle_state.cpp">
      <Filter>头文件\game_object\FSM</Filter>
    </ClCompile>
    <ClCompile Include="从零开始的丝之歌\code\hornet_walk_state.cpp">
      <Filter>头文件\game_object\FSM</Filter>
    </ClCompile>
    <ClCompile Include="从零开始的丝之歌\code\hornet_jump_state.cpp">
      <Filter>头文件\game_object\FSM</Filter>
    </ClCompile>
    <ClCompile Include="从零开始的丝之歌\code\hornet_fall_state.cpp">
      <Filter>头文件\game_object\FSM</Filter>
    </ClCompile>
    <ClCompile Include="从零开始的丝之歌\code\collision_manager.cpp">
      <Filter>头文件\manager</Filter>
    </ClCompile>
    <ClCompile Include="从零开始的丝之歌\code\scene_manager.cpp">
      <Filter>头文件\manager</Filter>
    </ClCompile>
  </ItemGroup>
</Project>